
Microsoft Visual Studio Solution File, Format Version 12.00
# Visual Studio 2013
VisualStudioVersion = 12.0.30723.0
MinimumVisualStudioVersion = 10.0.40219.1
Project("{FAE04EC0-301F-11D3-BF4B-00C04F79EFBC}") = "waMVCDay12", "waMVCDay12\waMVCDay12.csproj", "{0CB1D1D5-4848-41CB-9519-3608F44E9A83}"
EndProject
Project("{FAE04EC0-301F-11D3-BF4B-00C04F79EFBC}") = "DBSelling", "..\..\Day13\sMVCDay13\DBSelling\DBSelling.csproj", "{C3B70E11-13D5-4D07-8C38-BD45BEEF6AC0}"
EndProject
Project("{FAE04EC0-301F-11D3-BF4B-00C04F79EFBC}") = "clMVCDay13", "..\..\Day13\sMVCDay13\clMVCDay13\clMVCDay13.csproj", "{EC80C427-28C9-426B-A1B1-1C73C27C3FC5}"
EndProject
Project("{FAE04EC0-301F-11D3-BF4B-00C04F79EFBC}") = "WebApplication1", "WebApplication1\WebApplication1.csproj", "{E8590C17-F093-40A1-9EA3-0B4F62E2756D}"
EndProject
Global
	GlobalSection(SolutionConfigurationPlatforms) = preSolution
		Debug|Any CPU = Debug|Any CPU
		Release|Any CPU = Release|Any CPU
	EndGlobalSection
	GlobalSection(ProjectConfigurationPlatforms) = postSolution
		{0CB1D1D5-4848-41CB-9519-3608F44E9A83}.Debug|Any CPU.ActiveCfg = Debug|Any CPU
		{0CB1D1D5-4848-41CB-9519-3608F44E9A83}.Debug|Any CPU.Build.0 = Debug|Any CPU
		{0CB1D1D5-4848-41CB-9519-3608F44E9A83}.Release|Any CPU.ActiveCfg = Release|Any CPU
		{0CB1D1D5-4848-41CB-9519-3608F44E9A83}.Release|Any CPU.Build.0 = Release|Any CPU
		{C3B70E11-13D5-4D07-8C38-BD45BEEF6AC0}.Debug|Any CPU.ActiveCfg = Debug|Any CPU
		{C3B70E11-13D5-4D07-8C38-BD45BEEF6AC0}.Debug|Any CPU.Build.0 = Debug|Any CPU
		{C3B70E11-13D5-4D07-8C38-BD45BEEF6AC0}.Release|Any CPU.ActiveCfg = Release|Any CPU
		{C3B70E11-13D5-4D07-8C38-BD45BEEF6AC0}.Release|Any CPU.Build.0 = Release|Any CPU
		{EC80C427-28C9-426B-A1B1-1C73C27C3FC5}.Debug|Any CPU.ActiveCfg = Debug|Any CPU
		{EC80C427-28C9-426B-A1B1-1C73C27C3FC5}.Debug|Any CPU.Build.0 = Debug|Any CPU
		{EC80C427-28C9-426B-A1B1-1C73C27C3FC5}.Release|Any CPU.ActiveCfg = Release|Any CPU
		{EC80C427-28C9-426B-A1B1-1C73C27C3FC5}.Release|Any CPU.Build.0 = Release|Any CPU
		{E8590C17-F093-40A1-9EA3-0B4F62E2756D}.Debug|Any CPU.ActiveCfg = Debug|Any CPU
		{E8590C17-F093-40A1-9EA3-0B4F62E2756D}.Debug|Any CPU.Build.0 = Debug|Any CPU
		{E8590C17-F093-40A1-9EA3-0B4F62E2756D}.Release|Any CPU.ActiveCfg = Release|Any CPU
		{E8590C17-F093-40A1-9EA3-0B4F62E2756D}.Release|Any CPU.Build.0 = Release|Any CPU
	EndGlobalSection
	GlobalSection(SolutionProperties) = preSolution
		HideSolutionNode = FALSE
	EndGlobalSection
EndGlobal
